// !$*UTF8*$!
{
	archiveVersion = 1;
	classes = {
	};
	objectVersion = 77;
	objects = {

/* Begin PBXBuildFile section */
		2C4E8C9B2EC8BEF80097E845 /* OrderedCollections in Frameworks */ = {isa = PBXBuildFile; productRef = 2C4E8C9A2EC8BEF80097E845 /* OrderedCollections */; };
		2C4E8C9D2EC8BF350097E845 /* BasicContainers in Frameworks */ = {isa = PBXBuildFile; productRef = 2C4E8C9C2EC8BF350097E845 /* BasicContainers */; };
		2C4E8C9F2EC8BF350097E845 /* BitCollections in Frameworks */ = {isa = PBXBuildFile; productRef = 2C4E8C9E2EC8BF350097E845 /* BitCollections */; };
		2C4E8CA12EC8BF350097E845 /* Collections in Frameworks */ = {isa = PBXBuildFile; productRef = 2C4E8CA02EC8BF350097E845 /* Collections */; };
		2C4E8CA32EC8BF350097E845 /* ContainersPreview in Frameworks */ = {isa = PBXBuildFile; productRef = 2C4E8CA22EC8BF350097E845 /* ContainersPreview */; };
		2C4E8CA52EC8BF350097E845 /* DequeModule in Frameworks */ = {isa = PBXBuildFile; productRef = 2C4E8CA42EC8BF350097E845 /* DequeModule */; };
		2C4E8CA72EC8BF350097E845 /* HashTreeCollections in Frameworks */ = {isa = PBXBuildFile; productRef = 2C4E8CA62EC8BF350097E845 /* HashTreeCollections */; };
		2C4E8CA92EC8BF350097E845 /* HeapModule in Frameworks */ = {isa = PBXBuildFile; productRef = 2C4E8CA82EC8BF350097E845 /* HeapModule */; };
		2C4E8CAB2EC8BF350097E845 /* _RopeModule in Frameworks */ = {isa = PBXBuildFile; productRef = 2C4E8CAA2EC8BF350097E845 /* _RopeModule */; };
/* End PBXBuildFile section */

/* Begin PBXContainerItemProxy section */
		2CA1DF642EB503280068BCD5 /* PBXContainerItemProxy */ = {
			isa = PBXContainerItemProxy;
			containerPortal = 2CA1DF4E2EB503270068BCD5 /* Project object */;
			proxyType = 1;
			remoteGlobalIDString = 2CA1DF552EB503270068BCD5;
			remoteInfo = "To-do list";
		};
		2CA1DF6E2EB503280068BCD5 /* PBXContainerItemProxy */ = {
			isa = PBXContainerItemProxy;
			containerPortal = 2CA1DF4E2EB503270068BCD5 /* Project object */;
			proxyType = 1;
			remoteGlobalIDString = 2CA1DF552EB503270068BCD5;
			remoteInfo = "To-do list";
		};
/* End PBXContainerItemProxy section */

/* Begin PBXFileReference section */
		2CA1DF562EB503270068BCD5 /* To-do list.app */ = {isa = PBXFileReference; explicitFileType = wrapper.application; includeInIndex = 0; path = "To-do list.app"; sourceTree = BUILT_PRODUCTS_DIR; };
		2CA1DF632EB503280068BCD5 /* To-do listTests.xctest */ = {isa = PBXFileReference; explicitFileType = wrapper.cfbundle; includeInIndex = 0; path = "To-do listTests.xctest"; sourceTree = BUILT_PRODUCTS_DIR; };
		2CA1DF6D2EB503280068BCD5 /* To-do listUITests.xctest */ = {isa = PBXFileReference; explicitFileType = wrapper.cfbundle; includeInIndex = 0; path = "To-do listUITests.xctest"; sourceTree = BUILT_PRODUCTS_DIR; };
/* End PBXFileReference section */

/* Begin PBXFileSystemSynchronizedRootGroup section */
		2CA1DF582EB503270068BCD5 /* To-do list */ = {
			isa = PBXFileSystemSynchronizedRootGroup;
			path = "To-do list";
			sourceTree = "<group>";
		};
/* End PBXFileSystemSynchronizedRootGroup section */

/* Begin PBXFrameworksBuildPhase section */
		2CA1DF532EB503270068BCD5 /* Frameworks */ = {
			isa = PBXFrameworksBuildPhase;
			buildActionMask = 2147483647;
			files = (
				2C4E8CAB2EC8BF350097E845 /* _RopeModule in Frameworks */,
				2C4E8C9B2EC8BEF80097E845 /* OrderedCollections in Frameworks */,
				2C4E8C9D2EC8BF350097E845 /* BasicContainers in Frameworks */,
				2C4E8CA12EC8BF350097E845 /* Collections in Frameworks */,
				2C4E8CA72EC8BF350097E845 /* HashTreeCollections in Frameworks */,
				2C4E8C9F2EC8BF350097E845 /* BitCollections in Frameworks */,
				2C4E8CA32EC8BF350097E845 /* ContainersPreview in Frameworks */,
				2C4E8CA92EC8BF350097E845 /* HeapModule in Frameworks */,
				2C4E8CA52EC8BF350097E845 /* DequeModule in Frameworks */,
			);
			runOnlyForDeploymentPostprocessing = 0;
		};
		2CA1DF602EB503280068BCD5 /* Frameworks */ = {
			isa = PBXFrameworksBuildPhase;
			buildActionMask = 2147483647;
			files = (
			);
			runOnlyForDeploymentPostprocessing = 0;
		};
		2CA1DF6A2EB503280068BCD5 /* Frameworks */ = {
			isa = PBXFrameworksBuildPhase;
			buildActionMask = 2147483647;
			files = (
			);
			runOnlyForDeploymentPostprocessing = 0;
		};
/* End PBXFrameworksBuildPhase section */

/* Begin PBXGroup section */
		2CA1DF4D2EB503270068BCD5 = {
			isa = PBXGroup;
			children = (
				2CA1DF582EB503270068BCD5 /* To-do list */,
				2CA1DF572EB503270068BCD5 /* Products */,
			);
			sourceTree = "<group>";
		};
		2CA1DF572EB503270068BCD5 /* Products */ = {
			isa = PBXGroup;
			children = (
				2CA1DF562EB503270068BCD5 /* To-do list.app */,
				2CA1DF632EB503280068BCD5 /* To-do listTests.xctest */,
				2CA1DF6D2EB503280068BCD5 /* To-do listUITests.xctest */,
			);
			name = Products;
			sourceTree = "<group>";
		};
/* End PBXGroup section */

/* Begin PBXNativeTarget section */
		2CA1DF552EB503270068BCD5 /* To-do list */ = {
			isa = PBXNativeTarget;
			buildConfigurationList = 2CA1DF772EB503280068BCD5 /* Build configuration list for PBXNativeTarget "To-do list" */;
			buildPhases = (
				2CA1DF522EB503270068BCD5 /* Sources */,
				2CA1DF532EB503270068BCD5 /* Frameworks */,
				2CA1DF542EB503270068BCD5 /* Resources */,
			);
			buildRules = (
			);
			dependencies = (
			);
			fileSystemSynchronizedGroups = (
				2CA1DF582EB503270068BCD5 /* To-do list */,
			);
			name = "To-do list";
			packageProductDependencies = (
				2C4E8C9A2EC8BEF80097E845 /* OrderedCollections */,
				2C4E8C9C2EC8BF350097E845 /* BasicContainers */,
				2C4E8C9E2EC8BF350097E845 /* BitCollections */,
				2C4E8CA02EC8BF350097E845 /* Collections */,
				2C4E8CA22EC8BF350097E845 /* ContainersPreview */,
				2C4E8CA42EC8BF350097E845 /* DequeModule */,
				2C4E8CA62EC8BF350097E845 /* HashTreeCollections */,
				2C4E8CA82EC8BF350097E845 /* HeapModule */,
				2C4E8CAA2EC8BF350097E845 /* _RopeModule */,
			);
			productName = "To-do list";
			productReference = 2CA1DF562EB503270068BCD5 /* To-do list.app */;
			productType = "com.apple.product-type.application";
		};
		2CA1DF622EB503280068BCD5 /* To-do listTests */ = {
			isa = PBXNativeTarget;
			buildConfigurationList = 2CA1DF7A2EB503280068BCD5 /* Build configuration list for PBXNativeTarget "To-do listTests" */;
			buildPhases = (
				2CA1DF5F2EB503280068BCD5 /* Sources */,
				2CA1DF602EB503280068BCD5 /* Frameworks */,
				2CA1DF612EB503280068BCD5 /* Resources */,
			);
			buildRules = (
			);
			dependencies = (
				2CA1DF652EB503280068BCD5 /* PBXTargetDependency */,
			);
			name = "To-do listTests";
			packageProductDependencies = (
			);
			productName = "To-do listTests";
			productReference = 2CA1DF632EB503280068BCD5 /* To-do listTests.xctest */;
			productType = "com.apple.product-type.bundle.unit-test";
		};
		2CA1DF6C2EB503280068BCD5 /* To-do listUITests */ = {
			isa = PBXNativeTarget;
			buildConfigurationList = 2CA1DF7D2EB503280068BCD5 /* Build configuration list for PBXNativeTarget "To-do listUITests" */;
			buildPhases = (
				2CA1DF692EB503280068BCD5 /* Sources */,
				2CA1DF6A2EB503280068BCD5 /* Frameworks */,
				2CA1DF6B2EB503280068BCD5 /* Resources */,
			);
			buildRules = (
			);
			dependencies = (
				2CA1DF6F2EB503280068BCD5 /* PBXTargetDependency */,
			);
			name = "To-do listUITests";
			packageProductDependencies = (
			);
			productName = "To-do listUITests";
			productReference = 2CA1DF6D2EB503280068BCD5 /* To-do listUITests.xctest */;
			productType = "com.apple.product-type.bundle.ui-testing";
		};
/* End PBXNativeTarget section */

/* Begin PBXProject section */
		2CA1DF4E2EB503270068BCD5 /* Project object */ = {
			isa = PBXProject;
			attributes = {
				BuildIndependentTargetsInParallel = 1;
				LastSwiftUpdateCheck = 1640;
				LastUpgradeCheck = 1640;
				TargetAttributes = {
					2CA1DF552EB503270068BCD5 = {
						CreatedOnToolsVersion = 16.4;
					};
					2CA1DF622EB503280068BCD5 = {
						CreatedOnToolsVersion = 16.4;
						TestTargetID = 2CA1DF552EB503270068BCD5;
					};
					2CA1DF6C2EB503280068BCD5 = {
						CreatedOnToolsVersion = 16.4;
						TestTargetID = 2CA1DF552EB503270068BCD5;
					};
				};
			};
			buildConfigurationList = 2CA1DF512EB503270068BCD5 /* Build configuration list for PBXProject "To-do list" */;
			developmentRegion = en;
			hasScannedForEncodings = 0;
			knownRegions = (
				en,
				Base,
			);
			mainGroup = 2CA1DF4D2EB503270068BCD5;
			minimizedProjectReferenceProxies = 1;
			packageReferences = (
				2C4E8C2B2EC5BA240097E845 /* XCRemoteSwiftPackageReference "swift-collections" */,
			);
			preferredProjectObjectVersion = 77;
			productRefGroup = 2CA1DF572EB503270068BCD5 /* Products */;
			projectDirPath = "";
			projectRoot = "";
			targets = (
				2CA1DF552EB503270068BCD5 /* To-do list */,
				2CA1DF622EB503280068BCD5 /* To-do listTests */,
				2CA1DF6C2EB503280068BCD5 /* To-do listUITests */,
			);
		};
/* End PBXProject section */

/* Begin PBXResourcesBuildPhase section */
		2CA1DF542EB503270068BCD5 /* Resources */ = {
			isa = PBXResourcesBuildPhase;
			buildActionMask = 2147483647;
			files = (
			);
			runOnlyForDeploymentPostprocessing = 0;
		};
		2CA1DF612EB503280068BCD5 /* Resources */ = {
			isa = PBXResourcesBuildPhase;
			buildActionMask = 2147483647;
			files = (
			);
			runOnlyForDeploymentPostprocessing = 0;
		};
		2CA1DF6B2EB503280068BCD5 /* Resources */ = {
			isa = PBXResourcesBuildPhase;
			buildActionMask = 2147483647;
			files = (
			);
			runOnlyForDeploymentPostprocessing = 0;
		};
/* End PBXResourcesBuildPhase section */

/* Begin PBXSourcesBuildPhase section */
		2CA1DF522EB503270068BCD5 /* Sources */ = {
			isa = PBXSourcesBuildPhase;
			buildActionMask = 2147483647;
			files = (
			);
			runOnlyForDeploymentPostprocessing = 0;
		};
		2CA1DF5F2EB503280068BCD5 /* Sources */ = {
			isa = PBXSourcesBuildPhase;
			buildActionMask = 2147483647;
			files = (
			);
			runOnlyForDeploymentPostprocessing = 0;
		};
		2CA1DF692EB503280068BCD5 /* Sources */ = {
			isa = PBXSourcesBuildPhase;
			buildActionMask = 2147483647;
			files = (
			);
			runOnlyForDeploymentPostprocessing = 0;
		};
/* End PBXSourcesBuildPhase section */

/* Begin PBXTargetDependency section */
		2CA1DF652EB503280068BCD5 /* PBXTargetDependency */ = {
			isa = PBXTargetDependency;
			target = 2CA1DF552EB503270068BCD5 /* To-do list */;
			targetProxy = 2CA1DF642EB503280068BCD5 /* PBXContainerItemProxy */;
		};
		2CA1DF6F2EB503280068BCD5 /* PBXTargetDependency */ = {
			isa = PBXTargetDependency;
			target = 2CA1DF552EB503270068BCD5 /* To-do list */;
			targetProxy = 2CA1DF6E2EB503280068BCD5 /* PBXContainerItemProxy */;
		};
/* End PBXTargetDependency section */

/* Begin XCBuildConfiguration section */
		2CA1DF752EB503280068BCD5 /* Debug */ = {
			isa = XCBuildConfiguration;
			buildSettings = {
				ALWAYS_SEARCH_USER_PATHS = NO;
				ASSETCATALOG_COMPILER_GENERATE_SWIFT_ASSET_SYMBOL_EXTENSIONS = YES;
				CLANG_ANALYZER_NONNULL = YES;
				CLANG_ANALYZER_NUMBER_OBJECT_CONVERSION = YES_AGGRESSIVE;
				CLANG_CXX_LANGUAGE_STANDARD = "gnu++20";
				CLANG_ENABLE_MODULES = YES;
				CLANG_ENABLE_OBJC_ARC = YES;
				CLANG_ENABLE_OBJC_WEAK = YES;
				CLANG_WARN_BLOCK_CAPTURE_AUTORELEASING = YES;
				CLANG_WARN_BOOL_CONVERSION = YES;
				CLANG_WARN_COMMA = YES;
				CLANG_WARN_CONSTANT_CONVERSION = YES;
				CLANG_WARN_DEPRECATED_OBJC_IMPLEMENTATIONS = YES;
				CLANG_WARN_DIRECT_OBJC_ISA_USAGE = YES_ERROR;
				CLANG_WARN_DOCUMENTATION_COMMENTS = YES;
				CLANG_WARN_EMPTY_BODY = YES;
				CLANG_WARN_ENUM_CONVERSION = YES;
				CLANG_WARN_INFINITE_RECURSION = YES;
				CLANG_WARN_INT_CONVERSION = YES;
				CLANG_WARN_NON_LITERAL_NULL_CONVERSION = YES;
				CLANG_WARN_OBJC_IMPLICIT_RETAIN_SELF = YES;
				CLANG_WARN_OBJC_LITERAL_CONVERSION = YES;
				CLANG_WARN_OBJC_ROOT_CLASS = YES_ERROR;
				CLANG_WARN_QUOTED_INCLUDE_IN_FRAMEWORK_HEADER = YES;
				CLANG_WARN_RANGE_LOOP_ANALYSIS = YES;
				CLANG_WARN_STRICT_PROTOTYPES = YES;
				CLANG_WARN_SUSPICIOUS_MOVE = YES;
				CLANG_WARN_UNGUARDED_AVAILABILITY = YES_AGGRESSIVE;
				CLANG_WARN_UNREACHABLE_CODE = YES;
				CLANG_WARN__DUPLICATE_METHOD_MATCH = YES;
				COPY_PHASE_STRIP = NO;
				DEBUG_INFORMATION_FORMAT = dwarf;
				ENABLE_STRICT_OBJC_MSGSEND = YES;
				ENABLE_TESTABILITY = YES;
				ENABLE_USER_SCRIPT_SANDBOXING = YES;
				GCC_C_LANGUAGE_STANDARD = gnu17;
				GCC_DYNAMIC_NO_PIC = NO;
				GCC_NO_COMMON_BLOCKS = YES;
				GCC_OPTIMIZATION_LEVEL = 0;
				GCC_PREPROCESSOR_DEFINITIONS = (
					"DEBUG=1",
					"$(inherited)",
				);
				GCC_WARN_64_TO_32_BIT_CONVERSION = YES;
				GCC_WARN_ABOUT_RETURN_TYPE = YES_ERROR;
				GCC_WARN_UNDECLARED_SELECTOR = YES;
				GCC_WARN_UNINITIALIZED_AUTOS = YES_AGGRESSIVE;
				GCC_WARN_UNUSED_FUNCTION = YES;
				GCC_WARN_UNUSED_VARIABLE = YES;
				IPHONEOS_DEPLOYMENT_TARGET = 18.5;
				LOCALIZATION_PREFERS_STRING_CATALOGS = YES;
				MTL_ENABLE_DEBUG_INFO = INCLUDE_SOURCE;
				MTL_FAST_MATH = YES;
				ONLY_ACTIVE_ARCH = YES;
				SDKROOT = iphoneos;
				SWIFT_ACTIVE_COMPILATION_CONDITIONS = "DEBUG $(inherited)";
				SWIFT_OPTIMIZATION_LEVEL = "-Onone";
			};
			name = Debug;
		};
		2CA1DF762EB503280068BCD5 /* Release */ = {
			isa = XCBuildConfiguration;
			buildSettings = {
				ALWAYS_SEARCH_USER_PATHS = NO;
				ASSETCATALOG_COMPILER_GENERATE_SWIFT_ASSET_SYMBOL_EXTENSIONS = YES;
				CLANG_ANALYZER_NONNULL = YES;
				CLANG_ANALYZER_NUMBER_OBJECT_CONVERSION = YES_AGGRESSIVE;
				CLANG_CXX_LANGUAGE_STANDARD = "gnu++20";
				CLANG_ENABLE_MODULES = YES;
				CLANG_ENABLE_OBJC_ARC = YES;
				CLANG_ENABLE_OBJC_WEAK = YES;
				CLANG_WARN_BLOCK_CAPTURE_AUTORELEASING = YES;
				CLANG_WARN_BOOL_CONVERSION = YES;
				CLANG_WARN_COMMA = YES;
				CLANG_WARN_CONSTANT_CONVERSION = YES;
				CLANG_WARN_DEPRECATED_OBJC_IMPLEMENTATIONS = YES;
				CLANG_WARN_DIRECT_OBJC_ISA_USAGE = YES_ERROR;
				CLANG_WARN_DOCUMENTATION_COMMENTS = YES;
				CLANG_WARN_EMPTY_BODY = YES;
				CLANG_WARN_ENUM_CONVERSION = YES;
				CLANG_WARN_INFINITE_RECURSION = YES;
				CLANG_WARN_INT_CONVERSION = YES;
				CLANG_WARN_NON_LITERAL_NULL_CONVERSION = YES;
				CLANG_WARN_OBJC_IMPLICIT_RETAIN_SELF = YES;
				CLANG_WARN_OBJC_LITERAL_CONVERSION = YES;
				CLANG_WARN_OBJC_ROOT_CLASS = YES_ERROR;
				CLANG_WARN_QUOTED_INCLUDE_IN_FRAMEWORK_HEADER = YES;
				CLANG_WARN_RANGE_LOOP_ANALYSIS = YES;
				CLANG_WARN_STRICT_PROTOTYPES = YES;
				CLANG_WARN_SUSPICIOUS_MOVE = YES;
				CLANG_WARN_UNGUARDED_AVAILABILITY = YES_AGGRESSIVE;
				CLANG_WARN_UNREACHABLE_CODE = YES;
				CLANG_WARN__DUPLICATE_METHOD_MATCH = YES;
				COPY_PHASE_STRIP = NO;
				DEBUG_INFORMATION_FORMAT = "dwarf-with-dsym";
				ENABLE_NS_ASSERTIONS = NO;
				ENABLE_STRICT_OBJC_MSGSEND = YES;
				ENABLE_USER_SCRIPT_SANDBOXING = YES;
				GCC_C_LANGUAGE_STANDARD = gnu17;
				GCC_NO_COMMON_BLOCKS = YES;
				GCC_WARN_64_TO_32_BIT_CONVERSION = YES;
				GCC_WARN_ABOUT_RETURN_TYPE = YES_ERROR;
				GCC_WARN_UNDECLARED_SELECTOR = YES;
				GCC_WARN_UNINITIALIZED_AUTOS = YES_AGGRESSIVE;
				GCC_WARN_UNUSED_FUNCTION = YES;
				GCC_WARN_UNUSED_VARIABLE = YES;
				IPHONEOS_DEPLOYMENT_TARGET = 18.5;
				LOCALIZATION_PREFERS_STRING_CATALOGS = YES;
				MTL_ENABLE_DEBUG_INFO = NO;
				MTL_FAST_MATH = YES;
				SDKROOT = iphoneos;
				SWIFT_COMPILATION_MODE = wholemodule;
				VALIDATE_PRODUCT = YES;
			};
			name = Release;
		};
		2CA1DF782EB503280068BCD5 /* Debug */ = {
			isa = XCBuildConfiguration;
			buildSettings = {
				ASSETCATALOG_COMPILER_APPICON_NAME = AppIcon;
				ASSETCATALOG_COMPILER_GLOBAL_ACCENT_COLOR_NAME = AccentColor;
				CODE_SIGN_STYLE = Automatic;
				CURRENT_PROJECT_VERSION = 1;
				DEVELOPMENT_TEAM = GN465N92A9;
				ENABLE_PREVIEWS = YES;
				GENERATE_INFOPLIST_FILE = YES;
				INFOPLIST_KEY_UIApplicationSceneManifest_Generation = YES;
				INFOPLIST_KEY_UIApplicationSupportsIndirectInputEvents = YES;
				INFOPLIST_KEY_UILaunchScreen_Generation = YES;
				INFOPLIST_KEY_UISupportedInterfaceOrientations_iPad = "UIInterfaceOrientationPortrait UIInterfaceOrientationPortraitUpsideDown UIInterfaceOrientationLandscapeLeft UIInterfaceOrientationLandscapeRight";
				INFOPLIST_KEY_UISupportedInterfaceOrientations_iPhone = "UIInterfaceOrientationPortrait UIInterfaceOrientationLandscapeLeft UIInterfaceOrientationLandscapeRight";
				LD_RUNPATH_SEARCH_PATHS = (
					"$(inherited)",
					"@executable_path/Frameworks",
				);
				MARKETING_VERSION = 1.0;
				PRODUCT_BUNDLE_IDENTIFIER = "com.Tishkevich.To-do-list";
				PRODUCT_NAME = "$(TARGET_NAME)";
				SWIFT_EMIT_LOC_STRINGS = YES;
				SWIFT_VERSION = 5.0;
				TARGETED_DEVICE_FAMILY = "1,2";
			};
			name = Debug;
		};
		2CA1DF792EB503280068BCD5 /* Release */ = {
			isa = XCBuildConfiguration;
			buildSettings = {
				ASSETCATALOG_COMPILER_APPICON_NAME = AppIcon;
				ASSETCATALOG_COMPILER_GLOBAL_ACCENT_COLOR_NAME = AccentColor;
				CODE_SIGN_STYLE = Automatic;
				CURRENT_PROJECT_VERSION = 1;
				DEVELOPMENT_TEAM = GN465N92A9;
				ENABLE_PREVIEWS = YES;
				GENERATE_INFOPLIST_FILE = YES;
				INFOPLIST_KEY_UIApplicationSceneManifest_Generation = YES;
				INFOPLIST_KEY_UIApplicationSupportsIndirectInputEvents = YES;
				INFOPLIST_KEY_UILaunchScreen_Generation = YES;
				INFOPLIST_KEY_UISupportedInterfaceOrientations_iPad = "UIInterfaceOrientationPortrait UIInterfaceOrientationPortraitUpsideDown UIInterfaceOrientationLandscapeLeft UIInterfaceOrientationLandscapeRight";
				INFOPLIST_KEY_UISupportedInterfaceOrientations_iPhone = "UIInterfaceOrientationPortrait UIInterfaceOrientationLandscapeLeft UIInterfaceOrientationLandscapeRight";
				LD_RUNPATH_SEARCH_PATHS = (
					"$(inherited)",
					"@executable_path/Frameworks",
				);
				MARKETING_VERSION = 1.0;
				PRODUCT_BUNDLE_IDENTIFIER = "com.Tishkevich.To-do-list";
				PRODUCT_NAME = "$(TARGET_NAME)";
				SWIFT_EMIT_LOC_STRINGS = YES;
				SWIFT_VERSION = 5.0;
				TARGETED_DEVICE_FAMILY = "1,2";
			};
			name = Release;
		};
		2CA1DF7B2EB503280068BCD5 /* Debug */ = {
			isa = XCBuildConfiguration;
			buildSettings = {
				BUNDLE_LOADER = "$(TEST_HOST)";
				CODE_SIGN_STYLE = Automatic;
				CURRENT_PROJECT_VERSION = 1;
				GENERATE_INFOPLIST_FILE = YES;
				IPHONEOS_DEPLOYMENT_TARGET = 18.5;
				MARKETING_VERSION = 1.0;
				PRODUCT_BUNDLE_IDENTIFIER = "com.Tishkevich.To-do-listTests";
				PRODUCT_NAME = "$(TARGET_NAME)";
				SWIFT_EMIT_LOC_STRINGS = NO;
				SWIFT_VERSION = 5.0;
				TARGETED_DEVICE_FAMILY = "1,2";
				TEST_HOST = "$(BUILT_PRODUCTS_DIR)/To-do list.app/$(BUNDLE_EXECUTABLE_FOLDER_PATH)/To-do list";
			};
			name = Debug;
		};
		2CA1DF7C2EB503280068BCD5 /* Release */ = {
			isa = XCBuildConfiguration;
			buildSettings = {
				BUNDLE_LOADER = "$(TEST_HOST)";
				CODE_SIGN_STYLE = Automatic;
				CURRENT_PROJECT_VERSION = 1;
				GENERATE_INFOPLIST_FILE = YES;
				IPHONEOS_DEPLOYMENT_TARGET = 18.5;
				MARKETING_VERSION = 1.0;
				PRODUCT_BUNDLE_IDENTIFIER = "com.Tishkevich.To-do-listTests";
				PRODUCT_NAME = "$(TARGET_NAME)";
				SWIFT_EMIT_LOC_STRINGS = NO;
				SWIFT_VERSION = 5.0;
				TARGETED_DEVICE_FAMILY = "1,2";
				TEST_HOST = "$(BUILT_PRODUCTS_DIR)/To-do list.app/$(BUNDLE_EXECUTABLE_FOLDER_PATH)/To-do list";
			};
			name = Release;
		};
		2CA1DF7E2EB503280068BCD5 /* Debug */ = {
			isa = XCBuildConfiguration;
			buildSettings = {
				CODE_SIGN_STYLE = Automatic;
				CURRENT_PROJECT_VERSION = 1;
				GENERATE_INFOPLIST_FILE = YES;
				MARKETING_VERSION = 1.0;
				PRODUCT_BUNDLE_IDENTIFIER = "com.Tishkevich.To-do-listUITests";
				PRODUCT_NAME = "$(TARGET_NAME)";
				SWIFT_EMIT_LOC_STRINGS = NO;
				SWIFT_VERSION = 5.0;
				TARGETED_DEVICE_FAMILY = "1,2";
				TEST_TARGET_NAME = "To-do list";
			};
			name = Debug;
		};
		2CA1DF7F2EB503280068BCD5 /* Release */ = {
			isa = XCBuildConfiguration;
			buildSettings = {
				CODE_SIGN_STYLE = Automatic;
				CURRENT_PROJECT_VERSION = 1;
				GENERATE_INFOPLIST_FILE = YES;
				MARKETING_VERSION = 1.0;
				PRODUCT_BUNDLE_IDENTIFIER = "com.Tishkevich.To-do-listUITests";
				PRODUCT_NAME = "$(TARGET_NAME)";
				SWIFT_EMIT_LOC_STRINGS = NO;
				SWIFT_VERSION = 5.0;
				TARGETED_DEVICE_FAMILY = "1,2";
				TEST_TARGET_NAME = "To-do list";
			};
			name = Release;
		};
/* End XCBuildConfiguration section */

/* Begin XCConfigurationList section */
		2CA1DF512EB503270068BCD5 /* Build configuration list for PBXProject "To-do list" */ = {
			isa = XCConfigurationList;
			buildConfigurations = (
				2CA1DF752EB503280068BCD5 /* Debug */,
				2CA1DF762EB503280068BCD5 /* Release */,
			);
			defaultConfigurationIsVisible = 0;
			defaultConfigurationName = Release;
		};
		2CA1DF772EB503280068BCD5 /* Build configuration list for PBXNativeTarget "To-do list" */ = {
			isa = XCConfigurationList;
			buildConfigurations = (
				2CA1DF782EB503280068BCD5 /* Debug */,
				2CA1DF792EB503280068BCD5 /* Release */,
			);
			defaultConfigurationIsVisible = 0;
			defaultConfigurationName = Release;
		};
		2CA1DF7A2EB503280068BCD5 /* Build configuration list for PBXNativeTarget "To-do listTests" */ = {
			isa = XCConfigurationList;
			buildConfigurations = (
				2CA1DF7B2EB503280068BCD5 /* Debug */,
				2CA1DF7C2EB503280068BCD5 /* Release */,
			);
			defaultConfigurationIsVisible = 0;
			defaultConfigurationName = Release;
		};
		2CA1DF7D2EB503280068BCD5 /* Build configuration list for PBXNativeTarget "To-do listUITests" */ = {
			isa = XCConfigurationList;
			buildConfigurations = (
				2CA1DF7E2EB503280068BCD5 /* Debug */,
				2CA1DF7F2EB503280068BCD5 /* Release */,
			);
			defaultConfigurationIsVisible = 0;
			defaultConfigurationName = Release;
		};
/* End XCConfigurationList section */

/* Begin XCRemoteSwiftPackageReference section */
		2C4E8C2B2EC5BA240097E845 /* XCRemoteSwiftPackageReference "swift-collections" */ = {
			isa = XCRemoteSwiftPackageReference;
			repositoryURL = "https://github.com/apple/swift-collections.git";
			requirement = {
				kind = upToNextMajorVersion;
				minimumVersion = 1.3.0;
			};
		};
/* End XCRemoteSwiftPackageReference section */

/* Begin XCSwiftPackageProductDependency section */
		2C4E8C9A2EC8BEF80097E845 /* OrderedCollections */ = {
			isa = XCSwiftPackageProductDependency;
			package = 2C4E8C2B2EC5BA240097E845 /* XCRemoteSwiftPackageReference "swift-collections" */;
			productName = OrderedCollections;
		};
		2C4E8C9C2EC8BF350097E845 /* BasicContainers */ = {
			isa = XCSwiftPackageProductDependency;
			package = 2C4E8C2B2EC5BA240097E845 /* XCRemoteSwiftPackageReference "swift-collections" */;
			productName = BasicContainers;
		};
		2C4E8C9E2EC8BF350097E845 /* BitCollections */ = {
			isa = XCSwiftPackageProductDependency;
			package = 2C4E8C2B2EC5BA240097E845 /* XCRemoteSwiftPackageReference "swift-collections" */;
			productName = BitCollections;
		};
		2C4E8CA02EC8BF350097E845 /* Collections */ = {
			isa = XCSwiftPackageProductDependency;
			package = 2C4E8C2B2EC5BA240097E845 /* XCRemoteSwiftPackageReference "swift-collections" */;
			productName = Collections;
		};
		2C4E8CA22EC8BF350097E845 /* ContainersPreview */ = {
			isa = XCSwiftPackageProductDependency;
			package = 2C4E8C2B2EC5BA240097E845 /* XCRemoteSwiftPackageReference "swift-collections" */;
			productName = ContainersPreview;
		};
		2C4E8CA42EC8BF350097E845 /* DequeModule */ = {
			isa = XCSwiftPackageProductDependency;
			package = 2C4E8C2B2EC5BA240097E845 /* XCRemoteSwiftPackageReference "swift-collections" */;
			productName = DequeModule;
		};
		2C4E8CA62EC8BF350097E845 /* HashTreeCollections */ = {
			isa = XCSwiftPackageProductDependency;
			package = 2C4E8C2B2EC5BA240097E845 /* XCRemoteSwiftPackageReference "swift-collections" */;
			productName = HashTreeCollections;
		};
		2C4E8CA82EC8BF350097E845 /* HeapModule */ = {
			isa = XCSwiftPackageProductDependency;
			package = 2C4E8C2B2EC5BA240097E845 /* XCRemoteSwiftPackageReference "swift-collections" */;
			productName = HeapModule;
		};
		2C4E8CAA2EC8BF350097E845 /* _RopeModule */ = {
			isa = XCSwiftPackageProductDependency;
			package = 2C4E8C2B2EC5BA240097E845 /* XCRemoteSwiftPackageReference "swift-collections" */;
			productName = _RopeModule;
		};
/* End XCSwiftPackageProductDependency section */
	};
	rootObject = 2CA1DF4E2EB503270068BCD5 /* Project object */;
}
